
Microsoft Visual Studio Solution File, Format Version 12.00
# Visual Studio 2012
Project("{2150E333-8FDC-42A3-9474-1A3956D46DE8}") = "Solution Items", "Solution Items", "{964A6B02-747E-44BF-AB54-17914EEFB7C0}"
	ProjectSection(SolutionItems) = preProject
		BuildAll.MSBuild = BuildAll.MSBuild
		go.bat = go.bat
	EndProjectSection
EndProject
Project("{2150E333-8FDC-42A3-9474-1A3956D46DE8}") = "Unit Tests", "Unit Tests", "{D15F6A35-FC62-43A9-969A-11123AFA8AAF}"
EndProject
Project("{2150E333-8FDC-42A3-9474-1A3956D46DE8}") = "Implementation", "Implementation", "{D7B6D92F-15D6-4E50-9282-C0A91ADFE703}"
EndProject
Project("{2150E333-8FDC-42A3-9474-1A3956D46DE8}") = "Sample Assemblies", "Sample Assemblies", "{6759B72C-287C-46F3-AF92-7C4BEE6A22E6}"
EndProject
Project("{2150E333-8FDC-42A3-9474-1A3956D46DE8}") = "LocalVarSig", "LocalVarSig", "{63C1F671-B425-4BFD-9BAF-2944BBA9C24D}"
	ProjectSection(SolutionItems) = preProject
		src\Tests\SampleAssemblies\LocalVarSig\LocalVarSig1.dll = src\Tests\SampleAssemblies\LocalVarSig\LocalVarSig1.dll
		src\Tests\SampleAssemblies\LocalVarSig\LocalVarSig2.dll = src\Tests\SampleAssemblies\LocalVarSig\LocalVarSig2.dll
		src\Tests\SampleAssemblies\LocalVarSig\LocalVarSig3.dll = src\Tests\SampleAssemblies\LocalVarSig\LocalVarSig3.dll
	EndProjectSection
EndProject
Project("{EDCC3B85-0BAD-11DB-BC1A-00112FDE8B61}") = "Tests", "src\Tests\Tests.nproj", "{C0F7B9C1-6109-4612-BAF1-4941AD4D3F14}"
EndProject
Project("{EDCC3B85-0BAD-11DB-BC1A-00112FDE8B61}") = "Tests.Macros", "src\Tests\Tests.Macros\Tests.Macros.nproj", "{1E8A64C1-E4D6-4B2A-9A2F-DF9536217CBD}"
EndProject
Project("{EDCC3B85-0BAD-11DB-BC1A-00112FDE8B61}") = "Tao", "src\Tao\Tao.nproj", "{DC175AFB-382F-477E-AA0E-ABAC2D1E23A5}"
EndProject
Project("{FAE04EC0-301F-11D3-BF4B-00C04F79EFBC}") = "SampleCustomAttributeUsage", "src\Tests\SampleAssemblies\SampleCustomAttributeUsage\SampleCustomAttributeUsage.csproj", "{9B1F1549-8055-4002-9849-6A4A3114C134}"
EndProject
Project("{FAE04EC0-301F-11D3-BF4B-00C04F79EFBC}") = "SampleTypeDefRowUsage", "src\Tests\SampleAssemblies\SampleTypeDefRowUsage\SampleTypeDefRowUsage.csproj", "{AF8E4C74-8B60-4FAE-9A4B-6F2B14AF14C5}"
EndProject
Project("{FAE04EC0-301F-11D3-BF4B-00C04F79EFBC}") = "SampleEnumAttributeAssembly", "src\Tests\SampleAssemblies\SampleEnumAttributeAssembly\SampleEnumAttributeAssembly.csproj", "{FB4B8EA1-E41B-425D-8911-497DBCE9536A}"
EndProject
Project("{FAE04EC0-301F-11D3-BF4B-00C04F79EFBC}") = "FizzBuzz", "src\Tests\SampleAssemblies\FizzBuzz\FizzBuzz.csproj", "{656864F5-A2EE-493C-8DF2-3B6E7B91F1A4}"
EndProject
Global
	GlobalSection(SolutionConfigurationPlatforms) = preSolution
		Debug|Any CPU = Debug|Any CPU
		Debug|Mixed Platforms = Debug|Mixed Platforms
		Debug|x86 = Debug|x86
		Release|Any CPU = Release|Any CPU
		Release|Mixed Platforms = Release|Mixed Platforms
		Release|x86 = Release|x86
	EndGlobalSection
	GlobalSection(ProjectConfigurationPlatforms) = postSolution
		{C0F7B9C1-6109-4612-BAF1-4941AD4D3F14}.Debug|Any CPU.ActiveCfg = Debug|Any CPU
		{C0F7B9C1-6109-4612-BAF1-4941AD4D3F14}.Debug|Any CPU.Build.0 = Debug|Any CPU
		{C0F7B9C1-6109-4612-BAF1-4941AD4D3F14}.Debug|Mixed Platforms.ActiveCfg = Debug|Any CPU
		{C0F7B9C1-6109-4612-BAF1-4941AD4D3F14}.Debug|Mixed Platforms.Build.0 = Debug|Any CPU
		{C0F7B9C1-6109-4612-BAF1-4941AD4D3F14}.Debug|x86.ActiveCfg = Debug|Any CPU
		{C0F7B9C1-6109-4612-BAF1-4941AD4D3F14}.Release|Any CPU.ActiveCfg = Release|Any CPU
		{C0F7B9C1-6109-4612-BAF1-4941AD4D3F14}.Release|Any CPU.Build.0 = Release|Any CPU
		{C0F7B9C1-6109-4612-BAF1-4941AD4D3F14}.Release|Mixed Platforms.ActiveCfg = Release|Any CPU
		{C0F7B9C1-6109-4612-BAF1-4941AD4D3F14}.Release|Mixed Platforms.Build.0 = Release|Any CPU
		{C0F7B9C1-6109-4612-BAF1-4941AD4D3F14}.Release|x86.ActiveCfg = Release|Any CPU
		{1E8A64C1-E4D6-4B2A-9A2F-DF9536217CBD}.Debug|Any CPU.ActiveCfg = Debug|Any CPU
		{1E8A64C1-E4D6-4B2A-9A2F-DF9536217CBD}.Debug|Any CPU.Build.0 = Debug|Any CPU
		{1E8A64C1-E4D6-4B2A-9A2F-DF9536217CBD}.Debug|Mixed Platforms.ActiveCfg = Debug|Any CPU
		{1E8A64C1-E4D6-4B2A-9A2F-DF9536217CBD}.Debug|Mixed Platforms.Build.0 = Debug|Any CPU
		{1E8A64C1-E4D6-4B2A-9A2F-DF9536217CBD}.Debug|x86.ActiveCfg = Debug|Any CPU
		{1E8A64C1-E4D6-4B2A-9A2F-DF9536217CBD}.Release|Any CPU.ActiveCfg = Release|Any CPU
		{1E8A64C1-E4D6-4B2A-9A2F-DF9536217CBD}.Release|Any CPU.Build.0 = Release|Any CPU
		{1E8A64C1-E4D6-4B2A-9A2F-DF9536217CBD}.Release|Mixed Platforms.ActiveCfg = Release|Any CPU
		{1E8A64C1-E4D6-4B2A-9A2F-DF9536217CBD}.Release|Mixed Platforms.Build.0 = Release|Any CPU
		{1E8A64C1-E4D6-4B2A-9A2F-DF9536217CBD}.Release|x86.ActiveCfg = Release|Any CPU
		{DC175AFB-382F-477E-AA0E-ABAC2D1E23A5}.Debug|Any CPU.ActiveCfg = Debug|Any CPU
		{DC175AFB-382F-477E-AA0E-ABAC2D1E23A5}.Debug|Any CPU.Build.0 = Debug|Any CPU
		{DC175AFB-382F-477E-AA0E-ABAC2D1E23A5}.Debug|Mixed Platforms.ActiveCfg = Debug|Any CPU
		{DC175AFB-382F-477E-AA0E-ABAC2D1E23A5}.Debug|Mixed Platforms.Build.0 = Debug|Any CPU
		{DC175AFB-382F-477E-AA0E-ABAC2D1E23A5}.Debug|x86.ActiveCfg = Debug|Any CPU
		{DC175AFB-382F-477E-AA0E-ABAC2D1E23A5}.Release|Any CPU.ActiveCfg = Release|Any CPU
		{DC175AFB-382F-477E-AA0E-ABAC2D1E23A5}.Release|Any CPU.Build.0 = Release|Any CPU
		{DC175AFB-382F-477E-AA0E-ABAC2D1E23A5}.Release|Mixed Platforms.ActiveCfg = Release|Any CPU
		{DC175AFB-382F-477E-AA0E-ABAC2D1E23A5}.Release|Mixed Platforms.Build.0 = Release|Any CPU
		{DC175AFB-382F-477E-AA0E-ABAC2D1E23A5}.Release|x86.ActiveCfg = Release|Any CPU
		{9B1F1549-8055-4002-9849-6A4A3114C134}.Debug|Any CPU.ActiveCfg = Debug|Any CPU
		{9B1F1549-8055-4002-9849-6A4A3114C134}.Debug|Any CPU.Build.0 = Debug|Any CPU
		{9B1F1549-8055-4002-9849-6A4A3114C134}.Debug|Mixed Platforms.ActiveCfg = Debug|Any CPU
		{9B1F1549-8055-4002-9849-6A4A3114C134}.Debug|Mixed Platforms.Build.0 = Debug|Any CPU
		{9B1F1549-8055-4002-9849-6A4A3114C134}.Debug|x86.ActiveCfg = Debug|Any CPU
		{9B1F1549-8055-4002-9849-6A4A3114C134}.Release|Any CPU.ActiveCfg = Release|Any CPU
		{9B1F1549-8055-4002-9849-6A4A3114C134}.Release|Any CPU.Build.0 = Release|Any CPU
		{9B1F1549-8055-4002-9849-6A4A3114C134}.Release|Mixed Platforms.ActiveCfg = Release|Any CPU
		{9B1F1549-8055-4002-9849-6A4A3114C134}.Release|Mixed Platforms.Build.0 = Release|Any CPU
		{9B1F1549-8055-4002-9849-6A4A3114C134}.Release|x86.ActiveCfg = Release|Any CPU
		{AF8E4C74-8B60-4FAE-9A4B-6F2B14AF14C5}.Debug|Any CPU.ActiveCfg = Debug|Any CPU
		{AF8E4C74-8B60-4FAE-9A4B-6F2B14AF14C5}.Debug|Any CPU.Build.0 = Debug|Any CPU
		{AF8E4C74-8B60-4FAE-9A4B-6F2B14AF14C5}.Debug|Mixed Platforms.ActiveCfg = Debug|Any CPU
		{AF8E4C74-8B60-4FAE-9A4B-6F2B14AF14C5}.Debug|Mixed Platforms.Build.0 = Debug|Any CPU
		{AF8E4C74-8B60-4FAE-9A4B-6F2B14AF14C5}.Debug|x86.ActiveCfg = Debug|Any CPU
		{AF8E4C74-8B60-4FAE-9A4B-6F2B14AF14C5}.Release|Any CPU.ActiveCfg = Release|Any CPU
		{AF8E4C74-8B60-4FAE-9A4B-6F2B14AF14C5}.Release|Any CPU.Build.0 = Release|Any CPU
		{AF8E4C74-8B60-4FAE-9A4B-6F2B14AF14C5}.Release|Mixed Platforms.ActiveCfg = Release|Any CPU
		{AF8E4C74-8B60-4FAE-9A4B-6F2B14AF14C5}.Release|Mixed Platforms.Build.0 = Release|Any CPU
		{AF8E4C74-8B60-4FAE-9A4B-6F2B14AF14C5}.Release|x86.ActiveCfg = Release|Any CPU
		{FB4B8EA1-E41B-425D-8911-497DBCE9536A}.Debug|Any CPU.ActiveCfg = Debug|Any CPU
		{FB4B8EA1-E41B-425D-8911-497DBCE9536A}.Debug|Any CPU.Build.0 = Debug|Any CPU
		{FB4B8EA1-E41B-425D-8911-497DBCE9536A}.Debug|Mixed Platforms.ActiveCfg = Debug|Any CPU
		{FB4B8EA1-E41B-425D-8911-497DBCE9536A}.Debug|Mixed Platforms.Build.0 = Debug|Any CPU
		{FB4B8EA1-E41B-425D-8911-497DBCE9536A}.Debug|x86.ActiveCfg = Debug|Any CPU
		{FB4B8EA1-E41B-425D-8911-497DBCE9536A}.Release|Any CPU.ActiveCfg = Release|Any CPU
		{FB4B8EA1-E41B-425D-8911-497DBCE9536A}.Release|Any CPU.Build.0 = Release|Any CPU
		{FB4B8EA1-E41B-425D-8911-497DBCE9536A}.Release|Mixed Platforms.ActiveCfg = Release|Any CPU
		{FB4B8EA1-E41B-425D-8911-497DBCE9536A}.Release|Mixed Platforms.Build.0 = Release|Any CPU
		{FB4B8EA1-E41B-425D-8911-497DBCE9536A}.Release|x86.ActiveCfg = Release|Any CPU
		{656864F5-A2EE-493C-8DF2-3B6E7B91F1A4}.Debug|Any CPU.ActiveCfg = Debug|x86
		{656864F5-A2EE-493C-8DF2-3B6E7B91F1A4}.Debug|Mixed Platforms.ActiveCfg = Debug|x86
		{656864F5-A2EE-493C-8DF2-3B6E7B91F1A4}.Debug|Mixed Platforms.Build.0 = Debug|x86
		{656864F5-A2EE-493C-8DF2-3B6E7B91F1A4}.Debug|x86.ActiveCfg = Debug|x86
		{656864F5-A2EE-493C-8DF2-3B6E7B91F1A4}.Debug|x86.Build.0 = Debug|x86
		{656864F5-A2EE-493C-8DF2-3B6E7B91F1A4}.Release|Any CPU.ActiveCfg = Release|x86
		{656864F5-A2EE-493C-8DF2-3B6E7B91F1A4}.Release|Mixed Platforms.ActiveCfg = Release|x86
		{656864F5-A2EE-493C-8DF2-3B6E7B91F1A4}.Release|Mixed Platforms.Build.0 = Release|x86
		{656864F5-A2EE-493C-8DF2-3B6E7B91F1A4}.Release|x86.ActiveCfg = Release|x86
		{656864F5-A2EE-493C-8DF2-3B6E7B91F1A4}.Release|x86.Build.0 = Release|x86
	EndGlobalSection
	GlobalSection(SolutionProperties) = preSolution
		HideSolutionNode = FALSE
	EndGlobalSection
	GlobalSection(NestedProjects) = preSolution
		{6759B72C-287C-46F3-AF92-7C4BEE6A22E6} = {D15F6A35-FC62-43A9-969A-11123AFA8AAF}
		{C0F7B9C1-6109-4612-BAF1-4941AD4D3F14} = {D15F6A35-FC62-43A9-969A-11123AFA8AAF}
		{1E8A64C1-E4D6-4B2A-9A2F-DF9536217CBD} = {D15F6A35-FC62-43A9-969A-11123AFA8AAF}
		{DC175AFB-382F-477E-AA0E-ABAC2D1E23A5} = {D7B6D92F-15D6-4E50-9282-C0A91ADFE703}
		{63C1F671-B425-4BFD-9BAF-2944BBA9C24D} = {6759B72C-287C-46F3-AF92-7C4BEE6A22E6}
		{9B1F1549-8055-4002-9849-6A4A3114C134} = {6759B72C-287C-46F3-AF92-7C4BEE6A22E6}
		{AF8E4C74-8B60-4FAE-9A4B-6F2B14AF14C5} = {6759B72C-287C-46F3-AF92-7C4BEE6A22E6}
		{FB4B8EA1-E41B-425D-8911-497DBCE9536A} = {6759B72C-287C-46F3-AF92-7C4BEE6A22E6}
		{656864F5-A2EE-493C-8DF2-3B6E7B91F1A4} = {6759B72C-287C-46F3-AF92-7C4BEE6A22E6}
	EndGlobalSection
	GlobalSection(NDepend) = preSolution
		Project = ".\Tao.ndproj"
	EndGlobalSection
EndGlobal
