Microsoft Visual Studio Solution File, Format Version 11.00
# Visual Studio 2010
Project("{2150E333-8FDC-42A3-9474-1A3956D46DE8}") = "Solution Items", "Solution Items", "{0691ABF2-B3C7-43BF-9862-2D8D1299CE58}"
	ProjectSection(SolutionItems) = preProject
		CompileContainer.MSBuild = CompileContainer.MSBuild
		..\go.bat = ..\go.bat
		..\Tao.build = ..\Tao.build
	EndProjectSection
EndProject
Project("{FAE04EC0-301F-11D3-BF4B-00C04F79EFBC}") = "Core", "Core\Core.csproj", "{65FE5A41-370E-498E-B27B-2479BB1F2AD8}"
EndProject
Project("{FAE04EC0-301F-11D3-BF4B-00C04F79EFBC}") = "UnitTests", "UnitTests\UnitTests.csproj", "{9BEF4693-849E-4EF0-908D-5C866D06E363}"
EndProject
Project("{FAE04EC0-301F-11D3-BF4B-00C04F79EFBC}") = "Tao.Interfaces", "Tao.Interfaces\Tao.Interfaces.csproj", "{88CA72AF-77CD-409A-891D-1468CAF5E62B}"
EndProject
Project("{FAE04EC0-301F-11D3-BF4B-00C04F79EFBC}") = "Tao.Containers", "Tao.Containers\Tao.Containers.csproj", "{31DCA1A8-3C9D-42A3-A775-275EE2C8E6C9}"
EndProject
Project("{2150E333-8FDC-42A3-9474-1A3956D46DE8}") = "Tests", "Tests", "{86DDC5DF-D964-468C-B4D3-BC7AE717D3DF}"
EndProject
Project("{2150E333-8FDC-42A3-9474-1A3956D46DE8}") = "Implementation", "Implementation", "{3E037048-2759-483A-ABE5-A9CE95AD032D}"
EndProject
Project("{2150E333-8FDC-42A3-9474-1A3956D46DE8}") = "SampleAssemblies", "SampleAssemblies", "{EE2984DC-1BF2-4D1F-B3B4-7C54A6DE418E}"
EndProject
Project("{FAE04EC0-301F-11D3-BF4B-00C04F79EFBC}") = "FieldSigAssembly", "SampleAssemblies\FieldSigAssembly\FieldSigAssembly.csproj", "{F24529AE-ACE1-4C8A-9D19-8889C1C29A5B}"
EndProject
Project("{FAE04EC0-301F-11D3-BF4B-00C04F79EFBC}") = "MethodDefSigAssembly", "SampleAssemblies\MethodSigAssembly\MethodDefSigAssembly.csproj", "{B1476A0B-AE67-41A7-A248-1960768435FC}"
EndProject
Project("{FAE04EC0-301F-11D3-BF4B-00C04F79EFBC}") = "MethodRefSigAssembly", "SampleAssemblies\MethodRefSigAssembly\MethodRefSigAssembly.csproj", "{F95B2FB4-17E7-4B91-8F02-49FEDB13DCFD}"
EndProject
Project("{FAE04EC0-301F-11D3-BF4B-00C04F79EFBC}") = "StandAloneMethodSigAssembly", "SampleAssemblies\StandAloneMethodSigAssembly\StandAloneMethodSigAssembly.csproj", "{DC13DFA9-985B-4AC3-B6F4-B44B53A78381}"
EndProject
Project("{FAE04EC0-301F-11D3-BF4B-00C04F79EFBC}") = "GenericInstanceSignature", "SampleAssemblies\GenericInstanceSignature\GenericInstanceSignature.csproj", "{58D3DA07-261F-4A56-AC3B-A3AC43DB044A}"
EndProject
Project("{FAE04EC0-301F-11D3-BF4B-00C04F79EFBC}") = "SZArrayAssembly", "SampleAssemblies\SZArrayAssembly\SZArrayAssembly.csproj", "{8D8B9534-690D-4296-828E-6C662940A539}"
EndProject
Project("{FAE04EC0-301F-11D3-BF4B-00C04F79EFBC}") = "CustomAttributes", "SampleAssemblies\CustomAttributes\CustomAttributes.csproj", "{71BF542F-E8DC-4A77-B0EE-C90398A96E42}"
EndProject
Global
	GlobalSection(SolutionConfigurationPlatforms) = preSolution
		AutomatedDebug|Any CPU = AutomatedDebug|Any CPU
		AutomatedDebug|Mixed Platforms = AutomatedDebug|Mixed Platforms
		AutomatedDebug|Win32 = AutomatedDebug|Win32
		Debug|Any CPU = Debug|Any CPU
		Debug|Mixed Platforms = Debug|Mixed Platforms
		Debug|Win32 = Debug|Win32
		Release|Any CPU = Release|Any CPU
		Release|Mixed Platforms = Release|Mixed Platforms
		Release|Win32 = Release|Win32
	EndGlobalSection
	GlobalSection(ProjectConfigurationPlatforms) = postSolution
		{65FE5A41-370E-498E-B27B-2479BB1F2AD8}.AutomatedDebug|Any CPU.ActiveCfg = AutomatedDebug|Any CPU
		{65FE5A41-370E-498E-B27B-2479BB1F2AD8}.AutomatedDebug|Any CPU.Build.0 = AutomatedDebug|Any CPU
		{65FE5A41-370E-498E-B27B-2479BB1F2AD8}.AutomatedDebug|Mixed Platforms.ActiveCfg = AutomatedDebug|Any CPU
		{65FE5A41-370E-498E-B27B-2479BB1F2AD8}.AutomatedDebug|Mixed Platforms.Build.0 = AutomatedDebug|Any CPU
		{65FE5A41-370E-498E-B27B-2479BB1F2AD8}.AutomatedDebug|Win32.ActiveCfg = AutomatedDebug|Any CPU
		{65FE5A41-370E-498E-B27B-2479BB1F2AD8}.Debug|Any CPU.ActiveCfg = Debug|Any CPU
		{65FE5A41-370E-498E-B27B-2479BB1F2AD8}.Debug|Any CPU.Build.0 = Debug|Any CPU
		{65FE5A41-370E-498E-B27B-2479BB1F2AD8}.Debug|Mixed Platforms.ActiveCfg = Debug|Any CPU
		{65FE5A41-370E-498E-B27B-2479BB1F2AD8}.Debug|Mixed Platforms.Build.0 = Debug|Any CPU
		{65FE5A41-370E-498E-B27B-2479BB1F2AD8}.Debug|Win32.ActiveCfg = Debug|Any CPU
		{65FE5A41-370E-498E-B27B-2479BB1F2AD8}.Release|Any CPU.ActiveCfg = Release|Any CPU
		{65FE5A41-370E-498E-B27B-2479BB1F2AD8}.Release|Any CPU.Build.0 = Release|Any CPU
		{65FE5A41-370E-498E-B27B-2479BB1F2AD8}.Release|Mixed Platforms.ActiveCfg = Release|Any CPU
		{65FE5A41-370E-498E-B27B-2479BB1F2AD8}.Release|Mixed Platforms.Build.0 = Release|Any CPU
		{65FE5A41-370E-498E-B27B-2479BB1F2AD8}.Release|Win32.ActiveCfg = Release|Any CPU
		{9BEF4693-849E-4EF0-908D-5C866D06E363}.AutomatedDebug|Any CPU.ActiveCfg = AutomatedDebug|Any CPU
		{9BEF4693-849E-4EF0-908D-5C866D06E363}.AutomatedDebug|Any CPU.Build.0 = AutomatedDebug|Any CPU
		{9BEF4693-849E-4EF0-908D-5C866D06E363}.AutomatedDebug|Mixed Platforms.ActiveCfg = AutomatedDebug|Any CPU
		{9BEF4693-849E-4EF0-908D-5C866D06E363}.AutomatedDebug|Mixed Platforms.Build.0 = AutomatedDebug|Any CPU
		{9BEF4693-849E-4EF0-908D-5C866D06E363}.AutomatedDebug|Win32.ActiveCfg = AutomatedDebug|Any CPU
		{9BEF4693-849E-4EF0-908D-5C866D06E363}.Debug|Any CPU.ActiveCfg = Debug|Any CPU
		{9BEF4693-849E-4EF0-908D-5C866D06E363}.Debug|Any CPU.Build.0 = Debug|Any CPU
		{9BEF4693-849E-4EF0-908D-5C866D06E363}.Debug|Mixed Platforms.ActiveCfg = Debug|Any CPU
		{9BEF4693-849E-4EF0-908D-5C866D06E363}.Debug|Mixed Platforms.Build.0 = Debug|Any CPU
		{9BEF4693-849E-4EF0-908D-5C866D06E363}.Debug|Win32.ActiveCfg = Debug|Any CPU
		{9BEF4693-849E-4EF0-908D-5C866D06E363}.Release|Any CPU.ActiveCfg = Release|Any CPU
		{9BEF4693-849E-4EF0-908D-5C866D06E363}.Release|Any CPU.Build.0 = Release|Any CPU
		{9BEF4693-849E-4EF0-908D-5C866D06E363}.Release|Mixed Platforms.ActiveCfg = Release|Any CPU
		{9BEF4693-849E-4EF0-908D-5C866D06E363}.Release|Mixed Platforms.Build.0 = Release|Any CPU
		{9BEF4693-849E-4EF0-908D-5C866D06E363}.Release|Win32.ActiveCfg = Release|Any CPU
		{88CA72AF-77CD-409A-891D-1468CAF5E62B}.AutomatedDebug|Any CPU.ActiveCfg = Debug|Any CPU
		{88CA72AF-77CD-409A-891D-1468CAF5E62B}.AutomatedDebug|Any CPU.Build.0 = Debug|Any CPU
		{88CA72AF-77CD-409A-891D-1468CAF5E62B}.AutomatedDebug|Mixed Platforms.ActiveCfg = Debug|Any CPU
		{88CA72AF-77CD-409A-891D-1468CAF5E62B}.AutomatedDebug|Mixed Platforms.Build.0 = Debug|Any CPU
		{88CA72AF-77CD-409A-891D-1468CAF5E62B}.AutomatedDebug|Win32.ActiveCfg = Debug|Any CPU
		{88CA72AF-77CD-409A-891D-1468CAF5E62B}.Debug|Any CPU.ActiveCfg = Debug|Any CPU
		{88CA72AF-77CD-409A-891D-1468CAF5E62B}.Debug|Any CPU.Build.0 = Debug|Any CPU
		{88CA72AF-77CD-409A-891D-1468CAF5E62B}.Debug|Mixed Platforms.ActiveCfg = Debug|Any CPU
		{88CA72AF-77CD-409A-891D-1468CAF5E62B}.Debug|Mixed Platforms.Build.0 = Debug|Any CPU
		{88CA72AF-77CD-409A-891D-1468CAF5E62B}.Debug|Win32.ActiveCfg = Debug|Any CPU
		{88CA72AF-77CD-409A-891D-1468CAF5E62B}.Release|Any CPU.ActiveCfg = Release|Any CPU
		{88CA72AF-77CD-409A-891D-1468CAF5E62B}.Release|Any CPU.Build.0 = Release|Any CPU
		{88CA72AF-77CD-409A-891D-1468CAF5E62B}.Release|Mixed Platforms.ActiveCfg = Release|Any CPU
		{88CA72AF-77CD-409A-891D-1468CAF5E62B}.Release|Mixed Platforms.Build.0 = Release|Any CPU
		{88CA72AF-77CD-409A-891D-1468CAF5E62B}.Release|Win32.ActiveCfg = Release|Any CPU
		{31DCA1A8-3C9D-42A3-A775-275EE2C8E6C9}.AutomatedDebug|Any CPU.ActiveCfg = Debug|Any CPU
		{31DCA1A8-3C9D-42A3-A775-275EE2C8E6C9}.AutomatedDebug|Any CPU.Build.0 = Debug|Any CPU
		{31DCA1A8-3C9D-42A3-A775-275EE2C8E6C9}.AutomatedDebug|Mixed Platforms.ActiveCfg = Debug|Any CPU
		{31DCA1A8-3C9D-42A3-A775-275EE2C8E6C9}.AutomatedDebug|Mixed Platforms.Build.0 = Debug|Any CPU
		{31DCA1A8-3C9D-42A3-A775-275EE2C8E6C9}.AutomatedDebug|Win32.ActiveCfg = Debug|Any CPU
		{31DCA1A8-3C9D-42A3-A775-275EE2C8E6C9}.Debug|Any CPU.ActiveCfg = Debug|Any CPU
		{31DCA1A8-3C9D-42A3-A775-275EE2C8E6C9}.Debug|Any CPU.Build.0 = Debug|Any CPU
		{31DCA1A8-3C9D-42A3-A775-275EE2C8E6C9}.Debug|Mixed Platforms.ActiveCfg = Debug|Any CPU
		{31DCA1A8-3C9D-42A3-A775-275EE2C8E6C9}.Debug|Mixed Platforms.Build.0 = Debug|Any CPU
		{31DCA1A8-3C9D-42A3-A775-275EE2C8E6C9}.Debug|Win32.ActiveCfg = Debug|Any CPU
		{31DCA1A8-3C9D-42A3-A775-275EE2C8E6C9}.Release|Any CPU.ActiveCfg = Release|Any CPU
		{31DCA1A8-3C9D-42A3-A775-275EE2C8E6C9}.Release|Any CPU.Build.0 = Release|Any CPU
		{31DCA1A8-3C9D-42A3-A775-275EE2C8E6C9}.Release|Mixed Platforms.ActiveCfg = Release|Any CPU
		{31DCA1A8-3C9D-42A3-A775-275EE2C8E6C9}.Release|Mixed Platforms.Build.0 = Release|Any CPU
		{31DCA1A8-3C9D-42A3-A775-275EE2C8E6C9}.Release|Win32.ActiveCfg = Release|Any CPU
		{F24529AE-ACE1-4C8A-9D19-8889C1C29A5B}.AutomatedDebug|Any CPU.ActiveCfg = Debug|Any CPU
		{F24529AE-ACE1-4C8A-9D19-8889C1C29A5B}.AutomatedDebug|Any CPU.Build.0 = Debug|Any CPU
		{F24529AE-ACE1-4C8A-9D19-8889C1C29A5B}.AutomatedDebug|Mixed Platforms.ActiveCfg = Debug|Any CPU
		{F24529AE-ACE1-4C8A-9D19-8889C1C29A5B}.AutomatedDebug|Mixed Platforms.Build.0 = Debug|Any CPU
		{F24529AE-ACE1-4C8A-9D19-8889C1C29A5B}.AutomatedDebug|Win32.ActiveCfg = Debug|Any CPU
		{F24529AE-ACE1-4C8A-9D19-8889C1C29A5B}.Debug|Any CPU.ActiveCfg = Debug|Any CPU
		{F24529AE-ACE1-4C8A-9D19-8889C1C29A5B}.Debug|Any CPU.Build.0 = Debug|Any CPU
		{F24529AE-ACE1-4C8A-9D19-8889C1C29A5B}.Debug|Mixed Platforms.ActiveCfg = Debug|Any CPU
		{F24529AE-ACE1-4C8A-9D19-8889C1C29A5B}.Debug|Mixed Platforms.Build.0 = Debug|Any CPU
		{F24529AE-ACE1-4C8A-9D19-8889C1C29A5B}.Debug|Win32.ActiveCfg = Debug|Any CPU
		{F24529AE-ACE1-4C8A-9D19-8889C1C29A5B}.Release|Any CPU.ActiveCfg = Release|Any CPU
		{F24529AE-ACE1-4C8A-9D19-8889C1C29A5B}.Release|Any CPU.Build.0 = Release|Any CPU
		{F24529AE-ACE1-4C8A-9D19-8889C1C29A5B}.Release|Mixed Platforms.ActiveCfg = Release|Any CPU
		{F24529AE-ACE1-4C8A-9D19-8889C1C29A5B}.Release|Mixed Platforms.Build.0 = Release|Any CPU
		{F24529AE-ACE1-4C8A-9D19-8889C1C29A5B}.Release|Win32.ActiveCfg = Release|Any CPU
		{B1476A0B-AE67-41A7-A248-1960768435FC}.AutomatedDebug|Any CPU.ActiveCfg = Debug|Any CPU
		{B1476A0B-AE67-41A7-A248-1960768435FC}.AutomatedDebug|Any CPU.Build.0 = Debug|Any CPU
		{B1476A0B-AE67-41A7-A248-1960768435FC}.AutomatedDebug|Mixed Platforms.ActiveCfg = Debug|Any CPU
		{B1476A0B-AE67-41A7-A248-1960768435FC}.AutomatedDebug|Mixed Platforms.Build.0 = Debug|Any CPU
		{B1476A0B-AE67-41A7-A248-1960768435FC}.AutomatedDebug|Win32.ActiveCfg = Debug|Any CPU
		{B1476A0B-AE67-41A7-A248-1960768435FC}.Debug|Any CPU.ActiveCfg = Debug|Any CPU
		{B1476A0B-AE67-41A7-A248-1960768435FC}.Debug|Any CPU.Build.0 = Debug|Any CPU
		{B1476A0B-AE67-41A7-A248-1960768435FC}.Debug|Mixed Platforms.ActiveCfg = Debug|Any CPU
		{B1476A0B-AE67-41A7-A248-1960768435FC}.Debug|Mixed Platforms.Build.0 = Debug|Any CPU
		{B1476A0B-AE67-41A7-A248-1960768435FC}.Debug|Win32.ActiveCfg = Debug|Any CPU
		{B1476A0B-AE67-41A7-A248-1960768435FC}.Release|Any CPU.ActiveCfg = Release|Any CPU
		{B1476A0B-AE67-41A7-A248-1960768435FC}.Release|Any CPU.Build.0 = Release|Any CPU
		{B1476A0B-AE67-41A7-A248-1960768435FC}.Release|Mixed Platforms.ActiveCfg = Release|Any CPU
		{B1476A0B-AE67-41A7-A248-1960768435FC}.Release|Mixed Platforms.Build.0 = Release|Any CPU
		{B1476A0B-AE67-41A7-A248-1960768435FC}.Release|Win32.ActiveCfg = Release|Any CPU
		{F95B2FB4-17E7-4B91-8F02-49FEDB13DCFD}.AutomatedDebug|Any CPU.ActiveCfg = Debug|Any CPU
		{F95B2FB4-17E7-4B91-8F02-49FEDB13DCFD}.AutomatedDebug|Any CPU.Build.0 = Debug|Any CPU
		{F95B2FB4-17E7-4B91-8F02-49FEDB13DCFD}.AutomatedDebug|Mixed Platforms.ActiveCfg = Debug|Any CPU
		{F95B2FB4-17E7-4B91-8F02-49FEDB13DCFD}.AutomatedDebug|Mixed Platforms.Build.0 = Debug|Any CPU
		{F95B2FB4-17E7-4B91-8F02-49FEDB13DCFD}.AutomatedDebug|Win32.ActiveCfg = Debug|Any CPU
		{F95B2FB4-17E7-4B91-8F02-49FEDB13DCFD}.Debug|Any CPU.ActiveCfg = Debug|Any CPU
		{F95B2FB4-17E7-4B91-8F02-49FEDB13DCFD}.Debug|Any CPU.Build.0 = Debug|Any CPU
		{F95B2FB4-17E7-4B91-8F02-49FEDB13DCFD}.Debug|Mixed Platforms.ActiveCfg = Debug|Any CPU
		{F95B2FB4-17E7-4B91-8F02-49FEDB13DCFD}.Debug|Mixed Platforms.Build.0 = Debug|Any CPU
		{F95B2FB4-17E7-4B91-8F02-49FEDB13DCFD}.Debug|Win32.ActiveCfg = Debug|Any CPU
		{F95B2FB4-17E7-4B91-8F02-49FEDB13DCFD}.Release|Any CPU.ActiveCfg = Release|Any CPU
		{F95B2FB4-17E7-4B91-8F02-49FEDB13DCFD}.Release|Any CPU.Build.0 = Release|Any CPU
		{F95B2FB4-17E7-4B91-8F02-49FEDB13DCFD}.Release|Mixed Platforms.ActiveCfg = Release|Any CPU
		{F95B2FB4-17E7-4B91-8F02-49FEDB13DCFD}.Release|Mixed Platforms.Build.0 = Release|Any CPU
		{F95B2FB4-17E7-4B91-8F02-49FEDB13DCFD}.Release|Win32.ActiveCfg = Release|Any CPU
		{DC13DFA9-985B-4AC3-B6F4-B44B53A78381}.AutomatedDebug|Any CPU.ActiveCfg = Debug|Any CPU
		{DC13DFA9-985B-4AC3-B6F4-B44B53A78381}.AutomatedDebug|Any CPU.Build.0 = Debug|Any CPU
		{DC13DFA9-985B-4AC3-B6F4-B44B53A78381}.AutomatedDebug|Mixed Platforms.ActiveCfg = Debug|Any CPU
		{DC13DFA9-985B-4AC3-B6F4-B44B53A78381}.AutomatedDebug|Mixed Platforms.Build.0 = Debug|Any CPU
		{DC13DFA9-985B-4AC3-B6F4-B44B53A78381}.AutomatedDebug|Win32.ActiveCfg = Debug|Any CPU
		{DC13DFA9-985B-4AC3-B6F4-B44B53A78381}.Debug|Any CPU.ActiveCfg = Debug|Any CPU
		{DC13DFA9-985B-4AC3-B6F4-B44B53A78381}.Debug|Any CPU.Build.0 = Debug|Any CPU
		{DC13DFA9-985B-4AC3-B6F4-B44B53A78381}.Debug|Mixed Platforms.ActiveCfg = Debug|Any CPU
		{DC13DFA9-985B-4AC3-B6F4-B44B53A78381}.Debug|Mixed Platforms.Build.0 = Debug|Any CPU
		{DC13DFA9-985B-4AC3-B6F4-B44B53A78381}.Debug|Win32.ActiveCfg = Debug|Any CPU
		{DC13DFA9-985B-4AC3-B6F4-B44B53A78381}.Release|Any CPU.ActiveCfg = Release|Any CPU
		{DC13DFA9-985B-4AC3-B6F4-B44B53A78381}.Release|Any CPU.Build.0 = Release|Any CPU
		{DC13DFA9-985B-4AC3-B6F4-B44B53A78381}.Release|Mixed Platforms.ActiveCfg = Release|Any CPU
		{DC13DFA9-985B-4AC3-B6F4-B44B53A78381}.Release|Mixed Platforms.Build.0 = Release|Any CPU
		{DC13DFA9-985B-4AC3-B6F4-B44B53A78381}.Release|Win32.ActiveCfg = Release|Any CPU
		{58D3DA07-261F-4A56-AC3B-A3AC43DB044A}.AutomatedDebug|Any CPU.ActiveCfg = Debug|Any CPU
		{58D3DA07-261F-4A56-AC3B-A3AC43DB044A}.AutomatedDebug|Any CPU.Build.0 = Debug|Any CPU
		{58D3DA07-261F-4A56-AC3B-A3AC43DB044A}.AutomatedDebug|Mixed Platforms.ActiveCfg = Debug|Any CPU
		{58D3DA07-261F-4A56-AC3B-A3AC43DB044A}.AutomatedDebug|Mixed Platforms.Build.0 = Debug|Any CPU
		{58D3DA07-261F-4A56-AC3B-A3AC43DB044A}.AutomatedDebug|Win32.ActiveCfg = Debug|Any CPU
		{58D3DA07-261F-4A56-AC3B-A3AC43DB044A}.Debug|Any CPU.ActiveCfg = Debug|Any CPU
		{58D3DA07-261F-4A56-AC3B-A3AC43DB044A}.Debug|Any CPU.Build.0 = Debug|Any CPU
		{58D3DA07-261F-4A56-AC3B-A3AC43DB044A}.Debug|Mixed Platforms.ActiveCfg = Debug|Any CPU
		{58D3DA07-261F-4A56-AC3B-A3AC43DB044A}.Debug|Mixed Platforms.Build.0 = Debug|Any CPU
		{58D3DA07-261F-4A56-AC3B-A3AC43DB044A}.Debug|Win32.ActiveCfg = Debug|Any CPU
		{58D3DA07-261F-4A56-AC3B-A3AC43DB044A}.Release|Any CPU.ActiveCfg = Release|Any CPU
		{58D3DA07-261F-4A56-AC3B-A3AC43DB044A}.Release|Any CPU.Build.0 = Release|Any CPU
		{58D3DA07-261F-4A56-AC3B-A3AC43DB044A}.Release|Mixed Platforms.ActiveCfg = Release|Any CPU
		{58D3DA07-261F-4A56-AC3B-A3AC43DB044A}.Release|Mixed Platforms.Build.0 = Release|Any CPU
		{58D3DA07-261F-4A56-AC3B-A3AC43DB044A}.Release|Win32.ActiveCfg = Release|Any CPU
		{8D8B9534-690D-4296-828E-6C662940A539}.AutomatedDebug|Any CPU.ActiveCfg = Debug|Any CPU
		{8D8B9534-690D-4296-828E-6C662940A539}.AutomatedDebug|Any CPU.Build.0 = Debug|Any CPU
		{8D8B9534-690D-4296-828E-6C662940A539}.AutomatedDebug|Mixed Platforms.ActiveCfg = Debug|Any CPU
		{8D8B9534-690D-4296-828E-6C662940A539}.AutomatedDebug|Mixed Platforms.Build.0 = Debug|Any CPU
		{8D8B9534-690D-4296-828E-6C662940A539}.AutomatedDebug|Win32.ActiveCfg = Debug|Any CPU
		{8D8B9534-690D-4296-828E-6C662940A539}.Debug|Any CPU.ActiveCfg = Debug|Any CPU
		{8D8B9534-690D-4296-828E-6C662940A539}.Debug|Any CPU.Build.0 = Debug|Any CPU
		{8D8B9534-690D-4296-828E-6C662940A539}.Debug|Mixed Platforms.ActiveCfg = Debug|Any CPU
		{8D8B9534-690D-4296-828E-6C662940A539}.Debug|Mixed Platforms.Build.0 = Debug|Any CPU
		{8D8B9534-690D-4296-828E-6C662940A539}.Debug|Win32.ActiveCfg = Debug|Any CPU
		{8D8B9534-690D-4296-828E-6C662940A539}.Release|Any CPU.ActiveCfg = Release|Any CPU
		{8D8B9534-690D-4296-828E-6C662940A539}.Release|Any CPU.Build.0 = Release|Any CPU
		{8D8B9534-690D-4296-828E-6C662940A539}.Release|Mixed Platforms.ActiveCfg = Release|Any CPU
		{8D8B9534-690D-4296-828E-6C662940A539}.Release|Mixed Platforms.Build.0 = Release|Any CPU
		{8D8B9534-690D-4296-828E-6C662940A539}.Release|Win32.ActiveCfg = Release|Any CPU
		{71BF542F-E8DC-4A77-B0EE-C90398A96E42}.AutomatedDebug|Any CPU.ActiveCfg = Debug|Any CPU
		{71BF542F-E8DC-4A77-B0EE-C90398A96E42}.AutomatedDebug|Any CPU.Build.0 = Debug|Any CPU
		{71BF542F-E8DC-4A77-B0EE-C90398A96E42}.AutomatedDebug|Mixed Platforms.ActiveCfg = Debug|Any CPU
		{71BF542F-E8DC-4A77-B0EE-C90398A96E42}.AutomatedDebug|Mixed Platforms.Build.0 = Debug|Any CPU
		{71BF542F-E8DC-4A77-B0EE-C90398A96E42}.AutomatedDebug|Win32.ActiveCfg = Debug|Any CPU
		{71BF542F-E8DC-4A77-B0EE-C90398A96E42}.Debug|Any CPU.ActiveCfg = Debug|Any CPU
		{71BF542F-E8DC-4A77-B0EE-C90398A96E42}.Debug|Any CPU.Build.0 = Debug|Any CPU
		{71BF542F-E8DC-4A77-B0EE-C90398A96E42}.Debug|Mixed Platforms.ActiveCfg = Debug|Any CPU
		{71BF542F-E8DC-4A77-B0EE-C90398A96E42}.Debug|Mixed Platforms.Build.0 = Debug|Any CPU
		{71BF542F-E8DC-4A77-B0EE-C90398A96E42}.Debug|Win32.ActiveCfg = Debug|Any CPU
		{71BF542F-E8DC-4A77-B0EE-C90398A96E42}.Release|Any CPU.ActiveCfg = Release|Any CPU
		{71BF542F-E8DC-4A77-B0EE-C90398A96E42}.Release|Any CPU.Build.0 = Release|Any CPU
		{71BF542F-E8DC-4A77-B0EE-C90398A96E42}.Release|Mixed Platforms.ActiveCfg = Release|Any CPU
		{71BF542F-E8DC-4A77-B0EE-C90398A96E42}.Release|Mixed Platforms.Build.0 = Release|Any CPU
		{71BF542F-E8DC-4A77-B0EE-C90398A96E42}.Release|Win32.ActiveCfg = Release|Any CPU
	EndGlobalSection
	GlobalSection(SolutionProperties) = preSolution
		HideSolutionNode = FALSE
	EndGlobalSection
	GlobalSection(NestedProjects) = preSolution
		{88CA72AF-77CD-409A-891D-1468CAF5E62B} = {3E037048-2759-483A-ABE5-A9CE95AD032D}
		{31DCA1A8-3C9D-42A3-A775-275EE2C8E6C9} = {3E037048-2759-483A-ABE5-A9CE95AD032D}
		{65FE5A41-370E-498E-B27B-2479BB1F2AD8} = {3E037048-2759-483A-ABE5-A9CE95AD032D}
		{9BEF4693-849E-4EF0-908D-5C866D06E363} = {86DDC5DF-D964-468C-B4D3-BC7AE717D3DF}
		{EE2984DC-1BF2-4D1F-B3B4-7C54A6DE418E} = {86DDC5DF-D964-468C-B4D3-BC7AE717D3DF}
		{F24529AE-ACE1-4C8A-9D19-8889C1C29A5B} = {EE2984DC-1BF2-4D1F-B3B4-7C54A6DE418E}
		{B1476A0B-AE67-41A7-A248-1960768435FC} = {EE2984DC-1BF2-4D1F-B3B4-7C54A6DE418E}
		{F95B2FB4-17E7-4B91-8F02-49FEDB13DCFD} = {EE2984DC-1BF2-4D1F-B3B4-7C54A6DE418E}
		{DC13DFA9-985B-4AC3-B6F4-B44B53A78381} = {EE2984DC-1BF2-4D1F-B3B4-7C54A6DE418E}
		{58D3DA07-261F-4A56-AC3B-A3AC43DB044A} = {EE2984DC-1BF2-4D1F-B3B4-7C54A6DE418E}
		{8D8B9534-690D-4296-828E-6C662940A539} = {EE2984DC-1BF2-4D1F-B3B4-7C54A6DE418E}
		{71BF542F-E8DC-4A77-B0EE-C90398A96E42} = {EE2984DC-1BF2-4D1F-B3B4-7C54A6DE418E}
	EndGlobalSection
EndGlobal
