Microsoft Visual Studio Solution File, Format Version 11.00
# Visual Studio 2010
Project("{2150E333-8FDC-42A3-9474-1A3956D46DE8}") = "Solution Items", "Solution Items", "{0691ABF2-B3C7-43BF-9862-2D8D1299CE58}"
	ProjectSection(SolutionItems) = preProject
		CompileContainer.MSBuild = CompileContainer.MSBuild
		..\go.bat = ..\go.bat
		..\Tao.build = ..\Tao.build
	EndProjectSection
EndProject
Project("{FAE04EC0-301F-11D3-BF4B-00C04F79EFBC}") = "Core", "Core\Core.csproj", "{65FE5A41-370E-498E-B27B-2479BB1F2AD8}"
EndProject
Project("{FAE04EC0-301F-11D3-BF4B-00C04F79EFBC}") = "UnitTests", "UnitTests\UnitTests.csproj", "{9BEF4693-849E-4EF0-908D-5C866D06E363}"
EndProject
Project("{FAE04EC0-301F-11D3-BF4B-00C04F79EFBC}") = "Tao.Interfaces", "Tao.Interfaces\Tao.Interfaces.csproj", "{88CA72AF-77CD-409A-891D-1468CAF5E62B}"
EndProject
Project("{FAE04EC0-301F-11D3-BF4B-00C04F79EFBC}") = "Tao.Containers", "Tao.Containers\Tao.Containers.csproj", "{31DCA1A8-3C9D-42A3-A775-275EE2C8E6C9}"
EndProject
Project("{2150E333-8FDC-42A3-9474-1A3956D46DE8}") = "Tests", "Tests", "{86DDC5DF-D964-468C-B4D3-BC7AE717D3DF}"
EndProject
Project("{2150E333-8FDC-42A3-9474-1A3956D46DE8}") = "Implementation", "Implementation", "{3E037048-2759-483A-ABE5-A9CE95AD032D}"
EndProject
Project("{2150E333-8FDC-42A3-9474-1A3956D46DE8}") = "SampleAssemblies", "SampleAssemblies", "{EE2984DC-1BF2-4D1F-B3B4-7C54A6DE418E}"
EndProject
Project("{FAE04EC0-301F-11D3-BF4B-00C04F79EFBC}") = "FieldSigAssembly", "SampleAssemblies\FieldSigAssembly\FieldSigAssembly.csproj", "{F24529AE-ACE1-4C8A-9D19-8889C1C29A5B}"
EndProject
Global
	GlobalSection(SolutionConfigurationPlatforms) = preSolution
		AutomatedDebug|Any CPU = AutomatedDebug|Any CPU
		Debug|Any CPU = Debug|Any CPU
		Release|Any CPU = Release|Any CPU
	EndGlobalSection
	GlobalSection(ProjectConfigurationPlatforms) = postSolution
		{65FE5A41-370E-498E-B27B-2479BB1F2AD8}.AutomatedDebug|Any CPU.ActiveCfg = AutomatedDebug|Any CPU
		{65FE5A41-370E-498E-B27B-2479BB1F2AD8}.AutomatedDebug|Any CPU.Build.0 = AutomatedDebug|Any CPU
		{65FE5A41-370E-498E-B27B-2479BB1F2AD8}.Debug|Any CPU.ActiveCfg = Debug|Any CPU
		{65FE5A41-370E-498E-B27B-2479BB1F2AD8}.Debug|Any CPU.Build.0 = Debug|Any CPU
		{65FE5A41-370E-498E-B27B-2479BB1F2AD8}.Release|Any CPU.ActiveCfg = Release|Any CPU
		{65FE5A41-370E-498E-B27B-2479BB1F2AD8}.Release|Any CPU.Build.0 = RNEL32.DLL
		{9BEF4693-849E-4EF0-908D-5C866D06E363}.AutomatedDebug|Any CPU.ActiveCfg = AutomatedDebug|Any CPU
		{9BEF4693-849E-4EF0-908D-5C866D06E363}.AutomatedDebug|Any CPU.Build.0 = AutomatedDebug|Any CPU
		{9BEF4693-849E-4EF0-908D-5C866D06E363}.Debug|Any CPU.ActiveCfg = Debug|Any CPU
		{9BEF4693-849E-4EF0-908D-5C866D06E363}.Debug|Any CPU.Build.0 = Debug|Any CPU
		{9BEF4693-849E-4EF0-908D-5C866D06E363}.Release|Any CPU.ActiveCfg = Release|Any CPU
		{9BEF4693-849E-4EF0-908D-5C866D06E363}.Release|Any CPU.Build.0 = Release|Any CPU
		{88CA72AF-77CD-409A-891D-1468CAF5E62B}.AutomatedDebug|Any CPU.ActiveCfg = Debug|Any CPU
		{88CA72AF-77CD-409A-891D-1468CAF5E62B}.AutomatedDebug|Any CPU.Build.0 = Debug|Any CPU
		{88CA72AF-77CD-409A-891D-1468CAF5E62B}.Debug|Any CPU.ActiveCfg = Debug|Any CPU
		{88CA72AF-77CD-409A-891D-1468CAF5E62B}.Debug|Any CPU.Build.0 = Debug|Any CPU
		{88CA72AF-77CD-409A-891D-1468CAF5E62B}.Release|Any CPU.ActiveCfg = Release|Any CPU
		{88CA72AF-77CD-409A-891D-1468CAF5E62B}.Release|Any CPU.Build.0 = Release|Any CPU
		{31DCA1A8-3C9D-42A3-A775-275EE2C8E6C9}.AutomatedDebug|Any CPU.ActiveCfg = Debug|Any CPU
		{31DCA1A8-3C9D-42A3-A775-275EE2C8E6C9}.AutomatedDebug|Any CPU.Build.0 = Debug|Any CPU
		{31DCA1A8-3C9D-42A3-A775-275EE2C8E6C9}.Debug|Any CPU.ActiveCfg = Debug|Any CPU
		{31DCA1A8-3C9D-42A3-A775-275EE2C8E6C9}.Debug|Any CPU.Build.0 = Debug|Any CPU
		{31DCA1A8-3C9D-42A3-A775-275EE2C8E6C9}.Release|Any CPU.ActiveCfg = Release|Any CPU
		{31DCA1A8-3C9D-42A3-A775-275EE2C8E6C9}.Release|Any CPU.Build.0 = Release|Any CPU
		{F24529AE-ACE1-4C8A-9D19-8889C1C29A5B}.AutomatedDebug|Any CPU.ActiveCfg = Debug|Any CPU
		{F24529AE-ACE1-4C8A-9D19-8889C1C29A5B}.AutomatedDebug|Any CPU.Build.0 = Debug|Any CPU
		{F24529AE-ACE1-4C8A-9D19-8889C1C29A5B}.Debug|Any CPU.ActiveCfg = Debug|Any CPU
		{F24529AE-ACE1-4C8A-9D19-8889C1C29A5B}.Debug|Any CPU.Build.0 = Debug|Any CPU
		{F24529AE-ACE1-4C8A-9D19-8889C1C29A5B}.Release|Any CPU.ActiveCfg = Release|Any CPU
		{F24529AE-ACE1-4C8A-9D19-8889C1C29A5B}.Release|Any CPU.Build.0 = Release|Any CPU
	EndGlobalSection
	GlobalSection(SolutionProperties) = preSolution
		HideSolutionNode = FALSE
	EndGlobalSection
	GlobalSection(NestedProjects) = preSolution
		{88CA72AF-77CD-409A-891D-1468CAF5E62B} = {3E037048-2759-483A-ABE5-A9CE95AD032D}
		{31DCA1A8-3C9D-42A3-A775-275EE2C8E6C9} = {3E037048-2759-483A-ABE5-A9CE95AD032D}
		{65FE5A41-370E-498E-B27B-2479BB1F2AD8} = {3E037048-2759-483A-ABE5-A9CE95AD032D}
		{9BEF4693-849E-4EF0-908D-5C866D06E363} = {86DDC5DF-D964-468C-B4D3-BC7AE717D3DF}
		{EE2984DC-1BF2-4D1F-B3B4-7C54A6DE418E} = {86DDC5DF-D964-468C-B4D3-BC7AE717D3DF}
		{F24529AE-ACE1-4C8A-9D19-8889C1C29A5B} = {EE2984DC-1BF2-4D1F-B3B4-7C54A6DE418E}
	EndGlobalSection
EndGlobal
